PODS:
  - ACKReactiveExtensions (1.2.4):
    - ACKReactiveExtensions/Core (= 1.2.4)
    - ACKReactiveExtensions/UIKit (= 1.2.4)
    - ReactiveCocoa (>= 5.0)
    - ReactiveSwift
  - ACKReactiveExtensions/Argo (1.2.4):
    - Argo (~> 4.0)
    - ReactiveCocoa (>= 5.0)
    - ReactiveSwift
  - ACKReactiveExtensions/Core (1.2.4):
    - ReactiveCocoa (>= 5.0)
    - ReactiveSwift
  - ACKReactiveExtensions/Reachability (1.2.4):
    - ACKReactiveExtensions/Core
    - Reachability
    - ReactiveCocoa (>= 5.0)
    - ReactiveSwift
  - ACKReactiveExtensions/SDWebImage (1.2.4):
    - ACKReactiveExtensions/Core
    - ReactiveCocoa (>= 5.0)
    - ReactiveSwift
    - SDWebImage
  - ACKReactiveExtensions/UIKit (1.2.4):
    - ACKReactiveExtensions/Core
    - ReactiveCocoa (>= 5.0)
    - ReactiveSwift
  - ACKReactiveExtensions/WebKit (1.2.4):
    - ACKReactiveExtensions/Core
    - ReactiveCocoa (>= 5.0)
    - ReactiveSwift
  - Argo (4.0.0):
    - Runes (>= 4.0.0)
  - Nimble (5.0.0)
  - Quick (0.10.0)
  - Reachability (3.2)
  - ReactiveCocoa (5.0.0):
    - ReactiveSwift (~> 1.0)
  - ReactiveSwift (1.0.0):
    - Result (~> 3.0)
  - Result (3.0.0)
  - Runes (4.0.0)
  - SDWebImage (3.8.2):
    - SDWebImage/Core (= 3.8.2)
  - SDWebImage/Core (3.8.2)

DEPENDENCIES:
  - ACKReactiveExtensions (from `../`)
  - ACKReactiveExtensions/Argo (from `../`)
  - ACKReactiveExtensions/Reachability (from `../`)
  - ACKReactiveExtensions/SDWebImage (from `../`)
  - ACKReactiveExtensions/WebKit (from `../`)
  - Nimble (~> 5.0)
  - Quick (~> 0.10)
  - Result

EXTERNAL SOURCES:
  ACKReactiveExtensions:
    :path: ../

SPEC CHECKSUMS:
  ACKReactiveExtensions: 60be6a9ee792440a79561fe8e889b57c610c1d2d
  Argo: bf23cec88b88b625858d8f56617cff99e58aedaf
  Nimble: 56fc9f5020effa2206de22c3dd910f4fb011b92f
  Quick: 5d290df1c69d5ee2f0729956dcf0fd9a30447eaa
  Reachability: 33e18b67625424e47b6cde6d202dce689ad7af96
  ReactiveCocoa: bb1a021e68682a79ae0b81b644691b5a131ccc35
  ReactiveSwift: 63a3fa9b2ecabdc6d00f6f024bda07bf468b109d
  Result: 1b3e431f37cbcd3ad89c6aa9ab0ae55515fae3b6
  Runes: 265b816de21867398b4cd12fb384c72a4d514f4f
  SDWebImage: 098e97e6176540799c27e804c96653ee0833d13c

PODFILE CHECKSUM: a00a15deb8159bac28b625eed9816ad6f45c4d80

COCOAPODS: 1.0.1
