PODS:
  - ACKReactiveExtensions (2.3.0):
    - ACKReactiveExtensions/Core (= 2.3.0)
    - ACKReactiveExtensions/UIKit (= 2.3.0)
    - ReactiveCocoa (~> 5.0)
  - ACKReactiveExtensions/Argo (2.3.0):
    - Argo (~> 4.0)
    - ReactiveCocoa (~> 5.0)
  - ACKReactiveExtensions/Core (2.3.0):
    - ReactiveCocoa (~> 5.0)
  - ACKReactiveExtensions/Reachability (2.3.0):
    - ACKReactiveExtensions/Core
    - Reachability
    - ReactiveCocoa (~> 5.0)
  - ACKReactiveExtensions/Realm (2.3.0):
    - ACKReactiveExtensions/Core
    - ReactiveCocoa (~> 5.0)
    - RealmSwift (~> 2.1)
  - ACKReactiveExtensions/SDWebImage (2.3.0):
    - ACKReactiveExtensions/Core
    - ReactiveCocoa (~> 5.0)
    - SDWebImage (~> 4.0)
  - ACKReactiveExtensions/UIKit (2.3.0):
    - ACKReactiveExtensions/Core
    - ReactiveCocoa (~> 5.0)
  - ACKReactiveExtensions/WebKit (2.3.0):
    - ACKReactiveExtensions/Core
    - ReactiveCocoa (~> 5.0)
  - Argo (4.1.1):
    - Runes (>= 4.0.0)
  - Nimble (5.1.1)
  - Quick (0.10.0)
  - Reachability (3.2)
  - ReactiveCocoa (5.0.1):
    - ReactiveSwift (~> 1.1)
  - ReactiveSwift (1.1.0):
    - Result (~> 3.1)
  - Realm (2.1.2):
    - Realm/Headers (= 2.1.2)
  - Realm/Headers (2.1.2)
  - RealmSwift (2.1.2):
    - Realm (= 2.1.2)
  - Result (3.1.0)
  - Runes (4.0.1)
  - SDWebImage (4.0.0):
    - SDWebImage/Core (= 4.0.0)
  - SDWebImage/Core (4.0.0)

DEPENDENCIES:
  - ACKReactiveExtensions (from `../`)
  - ACKReactiveExtensions/Argo (from `../`)
  - ACKReactiveExtensions/Reachability (from `../`)
  - ACKReactiveExtensions/Realm (from `../`)
  - ACKReactiveExtensions/SDWebImage (from `../`)
  - ACKReactiveExtensions/WebKit (from `../`)
  - Nimble (~> 5.0)
  - Quick (~> 0.10)
  - Result

EXTERNAL SOURCES:
  ACKReactiveExtensions:
    :path: "../"

SPEC CHECKSUMS:
  ACKReactiveExtensions: c0941143cdc7e350df0a2375224c19d02a55cf9a
  Argo: 014ac072f97462bc1a9b83d302edb351488a532f
  Nimble: 415e3aa3267e7bc2c96b05fa814ddea7bb686a29
  Quick: 5d290df1c69d5ee2f0729956dcf0fd9a30447eaa
  Reachability: 33e18b67625424e47b6cde6d202dce689ad7af96
  ReactiveCocoa: f577006aa6c7b0b08020109ebaae3b77ada00adc
  ReactiveSwift: 2f4e4a02e5a5c87ea63f5fe667163ce2a67cbb57
  Realm: efe855f4d977c8ce5a82d3116d9f1ff155a6550c
  RealmSwift: 17d6ee30b6f9df86364408c2197492e33bfea567
  Result: 4e3ed5995ed94d0cd6a09be9a431fce3f3624bbf
  Runes: ff20f163b478ac2c0e18158d6086fd5b1997f983
  SDWebImage: 76a6348bdc74eb5a55dd08a091ef298e56b55e41

PODFILE CHECKSUM: 956859a104d62bdbc42db08d94465ab0461a558b

COCOAPODS: 1.2.0
