{
  "object": {
    "pins": [
      {
        "package": "Alamofire",
        "repositoryURL": "https://github.com/Alamofire/Alamofire.git",
        "state": {
          "branch": null,
          "revision": "f82c23a8a7ef8dc1a49a8bfc6a96883e79121864",
          "version": "5.5.0"
        }
      },
      {
        "package": "AlamofireImage",
        "repositoryURL": "https://github.com/Alamofire/AlamofireImage",
        "state": {
          "branch": null,
          "revision": "98cbb00ce0ec5fc8e52a5b50a6bfc08d3e5aee10",
          "version": "4.2.0"
        }
      },
      {
        "package": "Marshal",
        "repositoryURL": "https://github.com/utahiosmac/Marshal",
        "state": {
          "branch": null,
          "revision": "bbd811be9b78352e74970d1c2c652e87c83ce51b",
          "version": "1.2.8"
        }
      },
      {
        "package": "ReactiveCocoa",
        "repositoryURL": "https://github.com/ReactiveCocoa/ReactiveCocoa",
        "state": {
          "branch": null,
          "revision": "8a5b07b18c6abb8e12fb845bf742675dc4914ed8",
          "version": "12.0.0"
        }
      },
      {
        "package": "ReactiveSwift",
        "repositoryURL": "https://github.com/ReactiveCocoa/ReactiveSwift",
        "state": {
          "branch": null,
          "revision": "efb2f0a6f6c8739cce8fb14148a5bd3c83f2f91d",
          "version": "7.0.0"
        }
      },
      {
        "package": "Realm",
        "repositoryURL": "https://github.com/realm/realm-cocoa",
        "state": {
          "branch": null,
          "revision": "39177714b95bb5b1b29fffe28f1c7da77eef8e8b",
          "version": "10.21.1"
        }
      },
      {
        "package": "RealmDatabase",
        "repositoryURL": "https://github.com/realm/realm-core",
        "state": {
          "branch": null,
          "revision": "f1976f0d96d9b06fbe0afbd60090b1c3966b1e23",
          "version": "11.8.0"
        }
      }
    ]
  },
  "version": 1
}
